// !$*UTF8*$!
{
	archiveVersion = 1;
	classes = {
	};
	objectVersion = 50;
	objects = {

/* Begin PBXBuildFile section */
		BAFB6A2D24ECC5D000FE28E6 /* AppDelegate.swift in Sources */ = {isa = PBXBuildFile; fileRef = BAFB6A2C24ECC5D000FE28E6 /* AppDelegate.swift */; };
		BAFB6A2F24ECC5D000FE28E6 /* SceneDelegate.swift in Sources */ = {isa = PBXBuildFile; fileRef = BAFB6A2E24ECC5D000FE28E6 /* SceneDelegate.swift */; };
		BAFB6A3424ECC5D000FE28E6 /* Main.storyboard in Resources */ = {isa = PBXBuildFile; fileRef = BAFB6A3224ECC5D000FE28E6 /* Main.storyboard */; };
		BAFB6A3624ECC5D100FE28E6 /* Assets.xcassets in Resources */ = {isa = PBXBuildFile; fileRef = BAFB6A3524ECC5D100FE28E6 /* Assets.xcassets */; };
		BAFB6A3924ECC5D100FE28E6 /* LaunchScreen.storyboard in Resources */ = {isa = PBXBuildFile; fileRef = BAFB6A3724ECC5D100FE28E6 /* LaunchScreen.storyboard */; };
		BAFB6A4224ECD9D500FE28E6 /* AboutViewController.swift in Sources */ = {isa = PBXBuildFile; fileRef = BAFB6A4124ECD9D500FE28E6 /* AboutViewController.swift */; };
		BAFB6A4424ECD9E700FE28E6 /* LifeViewController.swift in Sources */ = {isa = PBXBuildFile; fileRef = BAFB6A4324ECD9E700FE28E6 /* LifeViewController.swift */; };
/* End PBXBuildFile section */

/* Begin PBXFileReference section */
		BAFB6A2924ECC5D000FE28E6 /* Game of Life.app */ = {isa = PBXFileReference; explicitFileType = wrapper.application; includeInIndex = 0; path = "Game of Life.app"; sourceTree = BUILT_PRODUCTS_DIR; };
		BAFB6A2C24ECC5D000FE28E6 /* AppDelegate.swift */ = {isa = PBXFileReference; lastKnownFileType = sourcecode.swift; path = AppDelegate.swift; sourceTree = "<group>"; };
		BAFB6A2E24ECC5D000FE28E6 /* SceneDelegate.swift */ = {isa = PBXFileReference; lastKnownFileType = sourcecode.swift; path = SceneDelegate.swift; sourceTree = "<group>"; };
		BAFB6A3324ECC5D000FE28E6 /* Base */ = {isa = PBXFileReference; lastKnownFileType = file.storyboard; name = Base; path = Base.lproj/Main.storyboard; sourceTree = "<group>"; };
		BAFB6A3524ECC5D100FE28E6 /* Assets.xcassets */ = {isa = PBXFileReference; lastKnownFileType = folder.assetcatalog; path = Assets.xcassets; sourceTree = "<group>"; };
		BAFB6A3824ECC5D100FE28E6 /* Base */ = {isa = PBXFileReference; lastKnownFileType = file.storyboard; name = Base; path = Base.lproj/LaunchScreen.storyboard; sourceTree = "<group>"; };
		BAFB6A3A24ECC5D100FE28E6 /* Info.plist */ = {isa = PBXFileReference; lastKnownFileType = text.plist.xml; path = Info.plist; sourceTree = "<group>"; };
		BAFB6A4124ECD9D500FE28E6 /* AboutViewController.swift */ = {isa = PBXFileReference; lastKnownFileType = sourcecode.swift; path = AboutViewController.swift; sourceTree = "<group>"; };
		BAFB6A4324ECD9E700FE28E6 /* LifeViewController.swift */ = {isa = PBXFileReference; lastKnownFileType = sourcecode.swift; path = LifeViewController.swift; sourceTree = "<group>"; };
/* End PBXFileReference section */

/* Begin PBXFrameworksBuildPhase section */
		BAFB6A2624ECC5CF00FE28E6 /* Frameworks */ = {
			isa = PBXFrameworksBuildPhase;
			buildActionMask = 2147483647;
			files = (
			);
			runOnlyForDeploymentPostprocessing = 0;
		};
/* End PBXFrameworksBuildPhase section */

/* Begin PBXGroup section */
		BAFB6A2024ECC5CF00FE28E6 = {
			isa = PBXGroup;
			children = (
				BAFB6A2B24ECC5D000FE28E6 /* Game of Life */,
				BAFB6A2A24ECC5D000FE28E6 /* Products */,
			);
			sourceTree = "<group>";
		};
		BAFB6A2A24ECC5D000FE28E6 /* Products */ = {
			isa = PBXGroup;
			children = (
				BAFB6A2924ECC5D000FE28E6 /* Game of Life.app */,
			);
			name = Products;
			sourceTree = "<group>";
		};
		BAFB6A2B24ECC5D000FE28E6 /* Game of Life */ = {
			isa = PBXGroup;
			children = (
				BAFB6A4024ECD9A500FE28E6 /* Resources */,
				BAFB6A3224ECC5D000FE28E6 /* Main.storyboard */,
				BAFB6A4524ECD9EF00FE28E6 /* View Controllers */,
				BAFB6A3524ECC5D100FE28E6 /* Assets.xcassets */,
				BAFB6A3724ECC5D100FE28E6 /* LaunchScreen.storyboard */,
				BAFB6A3A24ECC5D100FE28E6 /* Info.plist */,
			);
			path = "Game of Life";
			sourceTree = "<group>";
		};
		BAFB6A4024ECD9A500FE28E6 /* Resources */ = {
			isa = PBXGroup;
			children = (
				BAFB6A2C24ECC5D000FE28E6 /* AppDelegate.swift */,
				BAFB6A2E24ECC5D000FE28E6 /* SceneDelegate.swift */,
			);
			name = Resources;
			sourceTree = "<group>";
		};
		BAFB6A4524ECD9EF00FE28E6 /* View Controllers */ = {
			isa = PBXGroup;
			children = (
				BAFB6A4124ECD9D500FE28E6 /* AboutViewController.swift */,
				BAFB6A4324ECD9E700FE28E6 /* LifeViewController.swift */,
			);
			name = "View Controllers";
			sourceTree = "<group>";
		};
/* End PBXGroup section */

/* Begin PBXNativeTarget section */
		BAFB6A2824ECC5CF00FE28E6 /* Game of Life */ = {
			isa = PBXNativeTarget;
			buildConfigurationList = BAFB6A3D24ECC5D100FE28E6 /* Build configuration list for PBXNativeTarget "Game of Life" */;
			buildPhases = (
				BAFB6A2524ECC5CF00FE28E6 /* Sources */,
				BAFB6A2624ECC5CF00FE28E6 /* Frameworks */,
				BAFB6A2724ECC5CF00FE28E6 /* Resources */,
			);
			buildRules = (
			);
			dependencies = (
			);
			name = "Game of Life";
			productName = "Game of Life";
			productReference = BAFB6A2924ECC5D000FE28E6 /* Game of Life.app */;
			productType = "com.apple.product-type.application";
		};
/* End PBXNativeTarget section */

/* Begin PBXProject section */
		BAFB6A2124ECC5CF00FE28E6 /* Project object */ = {
			isa = PBXProject;
			attributes = {
				LastSwiftUpdateCheck = 1160;
				LastUpgradeCheck = 1160;
				ORGANIZATIONNAME = "Knight Night";
				TargetAttributes = {
					BAFB6A2824ECC5CF00FE28E6 = {
						CreatedOnToolsVersion = 11.6;
					};
				};
			};
			buildConfigurationList = BAFB6A2424ECC5CF00FE28E6 /* Build configuration list for PBXProject "Game of Life" */;
			compatibilityVersion = "Xcode 9.3";
			developmentRegion = en;
			hasScannedForEncodings = 0;
			knownRegions = (
				en,
				Base,
			);
			mainGroup = BAFB6A2024ECC5CF00FE28E6;
			productRefGroup = BAFB6A2A24ECC5D000FE28E6 /* Products */;
			projectDirPath = "";
			projectRoot = "";
			targets = (
				BAFB6A2824ECC5CF00FE28E6 /* Game of Life */,
			);
		};
/* End PBXProject section */

/* Begin PBXResourcesBuildPhase section */
		BAFB6A2724ECC5CF00FE28E6 /* Resources */ = {
			isa = PBXResourcesBuildPhase;
			buildActionMask = 2147483647;
			files = (
				BAFB6A3924ECC5D100FE28E6 /* LaunchScreen.storyboard in Resources */,
				BAFB6A3624ECC5D100FE28E6 /* Assets.xcassets in Resources */,
				BAFB6A3424ECC5D000FE28E6 /* Main.storyboard in Resources */,
			);
			runOnlyForDeploymentPostprocessing = 0;
		};
/* End PBXResourcesBuildPhase section */

/* Begin PBXSourcesBuildPhase section */
		BAFB6A2524ECC5CF00FE28E6 /* Sources */ = {
			isa = PBXSourcesBuildPhase;
			buildActionMask = 2147483647;
			files = (
				BAFB6A4224ECD9D500FE28E6 /* AboutViewController.swift in Sources */,
				BAFB6A2D24ECC5D000FE28E6 /* AppDelegate.swift in Sources */,
				BAFB6A4424ECD9E700FE28E6 /* LifeViewController.swift in Sources */,
				BAFB6A2F24ECC5D000FE28E6 /* SceneDelegate.swift in Sources */,
			);
			runOnlyForDeploymentPostprocessing = 0;
		};
/* End PBXSourcesBuildPhase section */

/* Begin PBXVariantGroup section */
		BAFB6A3224ECC5D000FE28E6 /* Main.storyboard */ = {
			isa = PBXVariantGroup;
			children = (
				BAFB6A3324ECC5D000FE28E6 /* Base */,
			);
			name = Main.storyboard;
			sourceTree = "<group>";
		};
		BAFB6A3724ECC5D100FE28E6 /* LaunchScreen.storyboard */ = {
			isa = PBXVariantGroup;
			children = (
				BAFB6A3824ECC5D100FE28E6 /* Base */,
			);
			name = LaunchScreen.storyboard;
			sourceTree = "<group>";
		};
/* End PBXVariantGroup section */

/* Begin XCBuildConfiguration section */
		BAFB6A3B24ECC5D100FE28E6 /* Debug */ = {
			isa = XCBuildConfiguration;
			buildSettings = {
				ALWAYS_SEARCH_USER_PATHS = NO;
				CLANG_ANALYZER_NONNULL = YES;
				CLANG_ANALYZER_NUMBER_OBJECT_CONVERSION = YES_AGGRESSIVE;
				CLANG_CXX_LANGUAGE_STANDARD = "gnu++14";
				CLANG_CXX_LIBRARY = "libc++";
				CLANG_ENABLE_MODULES = YES;
				CLANG_ENABLE_OBJC_ARC = YES;
				CLANG_ENABLE_OBJC_WEAK = YES;
				CLANG_WARN_BLOCK_CAPTURE_AUTORELEASING = YES;
				CLANG_WARN_BOOL_CONVERSION = YES;
				CLANG_WARN_COMMA = YES;
				CLANG_WARN_CONSTANT_CONVERSION = YES;
				CLANG_WARN_DEPRECATED_OBJC_IMPLEMENTATIONS = YES;
				CLANG_WARN_DIRECT_OBJC_ISA_USAGE = YES_ERROR;
				CLANG_WARN_DOCUMENTATION_COMMENTS = YES;
				CLANG_WARN_EMPTY_BODY = YES;
				CLANG_WARN_ENUM_CONVERSION = YES;
				CLANG_WARN_INFINITE_RECURSION = YES;
				CLANG_WARN_INT_CONVERSION = YES;
				CLANG_WARN_NON_LITERAL_NULL_CONVERSION = YES;
				CLANG_WARN_OBJC_IMPLICIT_RETAIN_SELF = YES;
				CLANG_WARN_OBJC_LITERAL_CONVERSION = YES;
				CLANG_WARN_OBJC_ROOT_CLASS = YES_ERROR;
				CLANG_WARN_RANGE_LOOP_ANALYSIS = YES;
				CLANG_WARN_STRICT_PROTOTYPES = YES;
				CLANG_WARN_SUSPICIOUS_MOVE = YES;
				CLANG_WARN_UNGUARDED_AVAILABILITY = YES_AGGRESSIVE;
				CLANG_WARN_UNREACHABLE_CODE = YES;
				CLANG_WARN__DUPLICATE_METHOD_MATCH = YES;
				COPY_PHASE_STRIP = NO;
				DEBUG_INFORMATION_FORMAT = dwarf;
				ENABLE_STRICT_OBJC_MSGSEND = YES;
				ENABLE_TESTABILITY = YES;
				GCC_C_LANGUAGE_STANDARD = gnu11;
				GCC_DYNAMIC_NO_PIC = NO;
				GCC_NO_COMMON_BLOCKS = YES;
				GCC_OPTIMIZATION_LEVEL = 0;
				GCC_PREPROCESSOR_DEFINITIONS = (
					"DEBUG=1",
					"$(inherited)",
				);
				GCC_WARN_64_TO_32_BIT_CONVERSION = YES;
				GCC_WARN_ABOUT_RETURN_TYPE = YES_ERROR;
				GCC_WARN_UNDECLARED_SELECTOR = YES;
				GCC_WARN_UNINITIALIZED_AUTOS = YES_AGGRESSIVE;
				GCC_WARN_UNUSED_FUNCTION = YES;
				GCC_WARN_UNUSED_VARIABLE = YES;
				IPHONEOS_DEPLOYMENT_TARGET = 13.6;
				MTL_ENABLE_DEBUG_INFO = INCLUDE_SOURCE;
				MTL_FAST_MATH = YES;
				ONLY_ACTIVE_ARCH = YES;
				SDKROOT = iphoneos;
				SWIFT_ACTIVE_COMPILATION_CONDITIONS = DEBUG;
				SWIFT_OPTIMIZATION_LEVEL = "-Onone";
			};
			name = Debug;
		};
		BAFB6A3C24ECC5D100FE28E6 /* Release */ = {
			isa = XCBuildConfiguration;
			buildSettings = {
				ALWAYS_SEARCH_USER_PATHS = NO;
				CLANG_ANALYZER_NONNULL = YES;
				CLANG_ANALYZER_NUMBER_OBJECT_CONVERSION = YES_AGGRESSIVE;
				CLANG_CXX_LANGUAGE_STANDARD = "gnu++14";
				CLANG_CXX_LIBRARY = "libc++";
				CLANG_ENABLE_MODULES = YES;
				CLANG_ENABLE_OBJC_ARC = YES;
				CLANG_ENABLE_OBJC_WEAK = YES;
				CLANG_WARN_BLOCK_CAPTURE_AUTORELEASING = YES;
				CLANG_WARN_BOOL_CONVERSION = YES;
				CLANG_WARN_COMMA = YES;
				CLANG_WARN_CONSTANT_CONVERSION = YES;
				CLANG_WARN_DEPRECATED_OBJC_IMPLEMENTATIONS = YES;
				CLANG_WARN_DIRECT_OBJC_ISA_USAGE = YES_ERROR;
				CLANG_WARN_DOCUMENTATION_COMMENTS = YES;
				CLANG_WARN_EMPTY_BODY = YES;
				CLANG_WARN_ENUM_CONVERSION = YES;
				CLANG_WARN_INFINITE_RECURSION = YES;
				CLANG_WARN_INT_CONVERSION = YES;
				CLANG_WARN_NON_LITERAL_NULL_CONVERSION = YES;
				CLANG_WARN_OBJC_IMPLICIT_RETAIN_SELF = YES;
				CLANG_WARN_OBJC_LITERAL_CONVERSION = YES;
				CLANG_WARN_OBJC_ROOT_CLASS = YES_ERROR;
				CLANG_WARN_RANGE_LOOP_ANALYSIS = YES;
				CLANG_WARN_STRICT_PROTOTYPES = YES;
				CLANG_WARN_SUSPICIOUS_MOVE = YES;
				CLANG_WARN_UNGUARDED_AVAILABILITY = YES_AGGRESSIVE;
				CLANG_WARN_UNREACHABLE_CODE = YES;
				CLANG_WARN__DUPLICATE_METHOD_MATCH = YES;
				COPY_PHASE_STRIP = NO;
				DEBUG_INFORMATION_FORMAT = "dwarf-with-dsym";
				ENABLE_NS_ASSERTIONS = NO;
				ENABLE_STRICT_OBJC_MSGSEND = YES;
				GCC_C_LANGUAGE_STANDARD = gnu11;
				GCC_NO_COMMON_BLOCKS = YES;
				GCC_WARN_64_TO_32_BIT_CONVERSION = YES;
				GCC_WARN_ABOUT_RETURN_TYPE = YES_ERROR;
				GCC_WARN_UNDECLARED_SELECTOR = YES;
				GCC_WARN_UNINITIALIZED_AUTOS = YES_AGGRESSIVE;
				GCC_WARN_UNUSED_FUNCTION = YES;
				GCC_WARN_UNUSED_VARIABLE = YES;
				IPHONEOS_DEPLOYMENT_TARGET = 13.6;
				MTL_ENABLE_DEBUG_INFO = NO;
				MTL_FAST_MATH = YES;
				SDKROOT = iphoneos;
				SWIFT_COMPILATION_MODE = wholemodule;
				SWIFT_OPTIMIZATION_LEVEL = "-O";
				VALIDATE_PRODUCT = YES;
			};
			name = Release;
		};
		BAFB6A3E24ECC5D100FE28E6 /* Debug */ = {
			isa = XCBuildConfiguration;
			buildSettings = {
				ASSETCATALOG_COMPILER_APPICON_NAME = AppIcon;
				CODE_SIGN_STYLE = Automatic;
				DEVELOPMENT_TEAM = 3T6D6ZWY97;
				INFOPLIST_FILE = "Game of Life/Info.plist";
				LD_RUNPATH_SEARCH_PATHS = (
					"$(inherited)",
					"@executable_path/Frameworks",
				);
				PRODUCT_BUNDLE_IDENTIFIER = "com.CrystalKnight.Game-of-Life";
				PRODUCT_NAME = "$(TARGET_NAME)";
				SWIFT_VERSION = 5.0;
				TARGETED_DEVICE_FAMILY = "1,2";
			};
			name = Debug;
		};
		BAFB6A3F24ECC5D100FE28E6 /* Release */ = {
			isa = XCBuildConfiguration;
			buildSettings = {
				ASSETCATALOG_COMPILER_APPICON_NAME = AppIcon;
				CODE_SIGN_STYLE = Automatic;
				DEVELOPMENT_TEAM = 3T6D6ZWY97;
				INFOPLIST_FILE = "Game of Life/Info.plist";
				LD_RUNPATH_SEARCH_PATHS = (
					"$(inherited)",
					"@executable_path/Frameworks",
				);
				PRODUCT_BUNDLE_IDENTIFIER = "com.CrystalKnight.Game-of-Life";
				PRODUCT_NAME = "$(TARGET_NAME)";
				SWIFT_VERSION = 5.0;
				TARGETED_DEVICE_FAMILY = "1,2";
			};
			name = Release;
		};
/* End XCBuildConfiguration section */

/* Begin XCConfigurationList section */
		BAFB6A2424ECC5CF00FE28E6 /* Build configuration list for PBXProject "Game of Life" */ = {
			isa = XCConfigurationList;
			buildConfigurations = (
				BAFB6A3B24ECC5D100FE28E6 /* Debug */,
				BAFB6A3C24ECC5D100FE28E6 /* Release */,
			);
			defaultConfigurationIsVisible = 0;
			defaultConfigurationName = Release;
		};
		BAFB6A3D24ECC5D100FE28E6 /* Build configuration list for PBXNativeTarget "Game of Life" */ = {
			isa = XCConfigurationList;
			buildConfigurations = (
				BAFB6A3E24ECC5D100FE28E6 /* Debug */,
				BAFB6A3F24ECC5D100FE28E6 /* Release */,
			);
			defaultConfigurationIsVisible = 0;
			defaultConfigurationName = Release;
		};
/* End XCConfigurationList section */
	};
	rootObject = BAFB6A2124ECC5CF00FE28E6 /* Project object */;
}
